
Microsoft Visual Studio Solution File, Format Version 12.00
# Visual Studio Version 17
VisualStudioVersion = 17.0.31903.59
MinimumVisualStudioVersion = 10.0.40219.1
Project("{FAE04EC0-301F-11D3-BF4B-00C04F79EFBC}") = "IronMaidenRegistry", "IronMaidenRegistry.csproj", "{244CCF0D-533E-49B7-8B48-5920B0B8C30E}"
EndProject
Project("{FAE04EC0-301F-11D3-BF4B-00C04F79EFBC}") = "IronMaidenRegistry.Tests", "IronMaidenRegistry.Tests\IronMaidenRegistry.Tests.csproj", "{DDE600BE-12CC-40A4-A700-039A39162471}"
EndProject
Global
	GlobalSection(SolutionConfigurationPlatforms) = preSolution
		Debug|Any CPU = Debug|Any CPU
		Release|Any CPU = Release|Any CPU
	EndGlobalSection
	GlobalSection(SolutionProperties) = preSolution
		HideSolutionNode = FALSE
	EndGlobalSection
	GlobalSection(ProjectConfigurationPlatforms) = postSolution
		{244CCF0D-533E-49B7-8B48-5920B0B8C30E}.Debug|Any CPU.ActiveCfg = Debug|Any CPU
		{244CCF0D-533E-49B7-8B48-5920B0B8C30E}.Debug|Any CPU.Build.0 = Debug|Any CPU
		{244CCF0D-533E-49B7-8B48-5920B0B8C30E}.Release|Any CPU.ActiveCfg = Release|Any CPU
		{244CCF0D-533E-49B7-8B48-5920B0B8C30E}.Release|Any CPU.Build.0 = Release|Any CPU
		{DDE600BE-12CC-40A4-A700-039A39162471}.Debug|Any CPU.ActiveCfg = Debug|Any CPU
		{DDE600BE-12CC-40A4-A700-039A39162471}.Debug|Any CPU.Build.0 = Debug|Any CPU
		{DDE600BE-12CC-40A4-A700-039A39162471}.Release|Any CPU.ActiveCfg = Release|Any CPU
		{DDE600BE-12CC-40A4-A700-039A39162471}.Release|Any CPU.Build.0 = Release|Any CPU
	EndGlobalSection
EndGlobal
